// !$*UTF8*$!
{
	archiveVersion = 1;
	classes = {
	};
	objectVersion = 50;
	objects = {

/* Begin PBXBuildFile section */
		525EAB592260A015005CD544 /* AppDelegate.swift in Sources */ = {isa = PBXBuildFile; fileRef = 525EAB582260A015005CD544 /* AppDelegate.swift */; };
		525EAB5B2260A015005CD544 /* ViewController.swift in Sources */ = {isa = PBXBuildFile; fileRef = 525EAB5A2260A015005CD544 /* ViewController.swift */; };
		525EAB5E2260A015005CD544 /* Main.storyboard in Resources */ = {isa = PBXBuildFile; fileRef = 525EAB5C2260A015005CD544 /* Main.storyboard */; };
		525EAB602260A016005CD544 /* Assets.xcassets in Resources */ = {isa = PBXBuildFile; fileRef = 525EAB5F2260A016005CD544 /* Assets.xcassets */; };
		525EAB632260A016005CD544 /* LaunchScreen.storyboard in Resources */ = {isa = PBXBuildFile; fileRef = 525EAB612260A016005CD544 /* LaunchScreen.storyboard */; };
		5B1640F6F6B7358F84528FD3 /* Pods_ParseHtmlExample.framework in Frameworks */ = {isa = PBXBuildFile; fileRef = 6088CCB95F83EEFF179494BA /* Pods_ParseHtmlExample.framework */; };
/* End PBXBuildFile section */

/* Begin PBXFileReference section */
		525EAB552260A015005CD544 /* ParseHtmlExample.app */ = {isa = PBXFileReference; explicitFileType = wrapper.application; includeInIndex = 0; path = ParseHtmlExample.app; sourceTree = BUILT_PRODUCTS_DIR; };
		525EAB582260A015005CD544 /* AppDelegate.swift */ = {isa = PBXFileReference; lastKnownFileType = sourcecode.swift; path = AppDelegate.swift; sourceTree = "<group>"; };
		525EAB5A2260A015005CD544 /* ViewController.swift */ = {isa = PBXFileReference; lastKnownFileType = sourcecode.swift; path = ViewController.swift; sourceTree = "<group>"; };
		525EAB5D2260A015005CD544 /* Base */ = {isa = PBXFileReference; lastKnownFileType = file.storyboard; name = Base; path = Base.lproj/Main.storyboard; sourceTree = "<group>"; };
		525EAB5F2260A016005CD544 /* Assets.xcassets */ = {isa = PBXFileReference; lastKnownFileType = folder.assetcatalog; path = Assets.xcassets; sourceTree = "<group>"; };
		525EAB622260A016005CD544 /* Base */ = {isa = PBXFileReference; lastKnownFileType = file.storyboard; name = Base; path = Base.lproj/LaunchScreen.storyboard; sourceTree = "<group>"; };
		525EAB642260A016005CD544 /* Info.plist */ = {isa = PBXFileReference; lastKnownFileType = text.plist.xml; path = Info.plist; sourceTree = "<group>"; };
		6088CCB95F83EEFF179494BA /* Pods_ParseHtmlExample.framework */ = {isa = PBXFileReference; explicitFileType = wrapper.framework; includeInIndex = 0; path = Pods_ParseHtmlExample.framework; sourceTree = BUILT_PRODUCTS_DIR; };
		9BEE9B4B7E38ACB497FB4C52 /* Pods-ParseHtmlExample.debug.xcconfig */ = {isa = PBXFileReference; includeInIndex = 1; lastKnownFileType = text.xcconfig; name = "Pods-ParseHtmlExample.debug.xcconfig"; path = "Target Support Files/Pods-ParseHtmlExample/Pods-ParseHtmlExample.debug.xcconfig"; sourceTree = "<group>"; };
		C277426C45B491C5DC907091 /* Pods-ParseHtmlExample.release.xcconfig */ = {isa = PBXFileReference; includeInIndex = 1; lastKnownFileType = text.xcconfig; name = "Pods-ParseHtmlExample.release.xcconfig"; path = "Target Support Files/Pods-ParseHtmlExample/Pods-ParseHtmlExample.release.xcconfig"; sourceTree = "<group>"; };
/* End PBXFileReference section */

/* Begin PBXFrameworksBuildPhase section */
		525EAB522260A015005CD544 /* Frameworks */ = {
			isa = PBXFrameworksBuildPhase;
			buildActionMask = 2147483647;
			files = (
				5B1640F6F6B7358F84528FD3 /* Pods_ParseHtmlExample.framework in Frameworks */,
			);
			runOnlyForDeploymentPostprocessing = 0;
		};
/* End PBXFrameworksBuildPhase section */

/* Begin PBXGroup section */
		525EAB4C2260A015005CD544 = {
			isa = PBXGroup;
			children = (
				525EAB572260A015005CD544 /* ParseHtmlExample */,
				525EAB562260A015005CD544 /* Products */,
				9F372C3AD1B91B7715DC7E3E /* Pods */,
				8FC0A5715A24C394BB8529C5 /* Frameworks */,
			);
			sourceTree = "<group>";
		};
		525EAB562260A015005CD544 /* Products */ = {
			isa = PBXGroup;
			children = (
				525EAB552260A015005CD544 /* ParseHtmlExample.app */,
			);
			name = Products;
			sourceTree = "<group>";
		};
		525EAB572260A015005CD544 /* ParseHtmlExample */ = {
			isa = PBXGroup;
			children = (
				525EAB582260A015005CD544 /* AppDelegate.swift */,
				525EAB5A2260A015005CD544 /* ViewController.swift */,
				525EAB5C2260A015005CD544 /* Main.storyboard */,
				525EAB5F2260A016005CD544 /* Assets.xcassets */,
				525EAB612260A016005CD544 /* LaunchScreen.storyboard */,
				525EAB642260A016005CD544 /* Info.plist */,
			);
			path = ParseHtmlExample;
			sourceTree = "<group>";
		};
		8FC0A5715A24C394BB8529C5 /* Frameworks */ = {
			isa = PBXGroup;
			children = (
				6088CCB95F83EEFF179494BA /* Pods_ParseHtmlExample.framework */,
			);
			name = Frameworks;
			sourceTree = "<group>";
		};
		9F372C3AD1B91B7715DC7E3E /* Pods */ = {
			isa = PBXGroup;
			children = (
				9BEE9B4B7E38ACB497FB4C52 /* Pods-ParseHtmlExample.debug.xcconfig */,
				C277426C45B491C5DC907091 /* Pods-ParseHtmlExample.release.xcconfig */,
			);
			name = Pods;
			path = Pods;
			sourceTree = "<group>";
		};
/* End PBXGroup section */

/* Begin PBXNativeTarget section */
		525EAB542260A015005CD544 /* ParseHtmlExample */ = {
			isa = PBXNativeTarget;
			buildConfigurationList = 525EAB672260A016005CD544 /* Build configuration list for PBXNativeTarget "ParseHtmlExample" */;
			buildPhases = (
				8EA0DA4CEA6B34D9F172443C /* [CP] Check Pods Manifest.lock */,
				525EAB512260A015005CD544 /* Sources */,
				525EAB522260A015005CD544 /* Frameworks */,
				525EAB532260A015005CD544 /* Resources */,
				58B18C9AD6EE35C7A08C8F93 /* [CP] Embed Pods Frameworks */,
			);
			buildRules = (
			);
			dependencies = (
			);
			name = ParseHtmlExample;
			productName = ParseHtmlExample;
			productReference = 525EAB552260A015005CD544 /* ParseHtmlExample.app */;
			productType = "com.apple.product-type.application";
		};
/* End PBXNativeTarget section */

/* Begin PBXProject section */
		525EAB4D2260A015005CD544 /* Project object */ = {
			isa = PBXProject;
			attributes = {
				LastSwiftUpdateCheck = 1020;
				LastUpgradeCheck = 1020;
				ORGANIZATIONNAME = "Stanly Shiyanovskiy";
				TargetAttributes = {
					525EAB542260A015005CD544 = {
						CreatedOnToolsVersion = 10.2;
					};
				};
			};
			buildConfigurationList = 525EAB502260A015005CD544 /* Build configuration list for PBXProject "ParseHtmlExample" */;
			compatibilityVersion = "Xcode 9.3";
			developmentRegion = en;
			hasScannedForEncodings = 0;
			knownRegions = (
				en,
				Base,
			);
			mainGroup = 525EAB4C2260A015005CD544;
			productRefGroup = 525EAB562260A015005CD544 /* Products */;
			projectDirPath = "";
			projectRoot = "";
			targets = (
				525EAB542260A015005CD544 /* ParseHtmlExample */,
			);
		};
/* End PBXProject section */

/* Begin PBXResourcesBuildPhase section */
		525EAB532260A015005CD544 /* Resources */ = {
			isa = PBXResourcesBuildPhase;
			buildActionMask = 2147483647;
			files = (
				525EAB632260A016005CD544 /* LaunchScreen.storyboard in Resources */,
				525EAB602260A016005CD544 /* Assets.xcassets in Resources */,
				525EAB5E2260A015005CD544 /* Main.storyboard in Resources */,
			);
			runOnlyForDeploymentPostprocessing = 0;
		};
/* End PBXResourcesBuildPhase section */

/* Begin PBXShellScriptBuildPhase section */
		58B18C9AD6EE35C7A08C8F93 /* [CP] Embed Pods Frameworks */ = {
			isa = PBXShellScriptBuildPhase;
			buildActionMask = 2147483647;
			files = (
			);
			inputFileListPaths = (
			);
			inputPaths = (
				"${PODS_ROOT}/Target Support Files/Pods-ParseHtmlExample/Pods-ParseHtmlExample-frameworks.sh",
				"${BUILT_PRODUCTS_DIR}/SwiftSoup/SwiftSoup.framework",
			);
			name = "[CP] Embed Pods Frameworks";
			outputFileListPaths = (
			);
			outputPaths = (
				"${TARGET_BUILD_DIR}/${FRAMEWORKS_FOLDER_PATH}/SwiftSoup.framework",
			);
			runOnlyForDeploymentPostprocessing = 0;
			shellPath = /bin/sh;
			shellScript = "\"${PODS_ROOT}/Target Support Files/Pods-ParseHtmlExample/Pods-ParseHtmlExample-frameworks.sh\"\n";
			showEnvVarsInLog = 0;
		};
		8EA0DA4CEA6B34D9F172443C /* [CP] Check Pods Manifest.lock */ = {
			isa = PBXShellScriptBuildPhase;
			buildActionMask = 2147483647;
			files = (
			);
			inputFileListPaths = (
			);
			inputPaths = (
				"${PODS_PODFILE_DIR_PATH}/Podfile.lock",
				"${PODS_ROOT}/Manifest.lock",
			);
			name = "[CP] Check Pods Manifest.lock";
			outputFileListPaths = (
			);
			outputPaths = (
				"$(DERIVED_FILE_DIR)/Pods-ParseHtmlExample-checkManifestLockResult.txt",
			);
			runOnlyForDeploymentPostprocessing = 0;
			shellPath = /bin/sh;
			shellScript = "diff \"${PODS_PODFILE_DIR_PATH}/Podfile.lock\" \"${PODS_ROOT}/Manifest.lock\" > /dev/null\nif [ $? != 0 ] ; then\n    # print error to STDERR\n    echo \"error: The sandbox is not in sync with the Podfile.lock. Run 'pod install' or update your CocoaPods installation.\" >&2\n    exit 1\nfi\n# This output is used by Xcode 'outputs' to avoid re-running this script phase.\necho \"SUCCESS\" > \"${SCRIPT_OUTPUT_FILE_0}\"\n";
			showEnvVarsInLog = 0;
		};
/* End PBXShellScriptBuildPhase section */

/* Begin PBXSourcesBuildPhase section */
		525EAB512260A015005CD544 /* Sources */ = {
			isa = PBXSourcesBuildPhase;
			buildActionMask = 2147483647;
			files = (
				525EAB5B2260A015005CD544 /* ViewController.swift in Sources */,
				525EAB592260A015005CD544 /* AppDelegate.swift in Sources */,
			);
			runOnlyForDeploymentPostprocessing = 0;
		};
/* End PBXSourcesBuildPhase section */

/* Begin PBXVariantGroup section */
		525EAB5C2260A015005CD544 /* Main.storyboard */ = {
			isa = PBXVariantGroup;
			children = (
				525EAB5D2260A015005CD544 /* Base */,
			);
			name = Main.storyboard;
			sourceTree = "<group>";
		};
		525EAB612260A016005CD544 /* LaunchScreen.storyboard */ = {
			isa = PBXVariantGroup;
			children = (
				525EAB622260A016005CD544 /* Base */,
			);
			name = LaunchScreen.storyboard;
			sourceTree = "<group>";
		};
/* End PBXVariantGroup section */

/* Begin XCBuildConfiguration section */
		525EAB652260A016005CD544 /* Debug */ = {
			isa = XCBuildConfiguration;
			buildSettings = {
				ALWAYS_SEARCH_USER_PATHS = NO;
				CLANG_ANALYZER_NONNULL = YES;
				CLANG_ANALYZER_NUMBER_OBJECT_CONVERSION = YES_AGGRESSIVE;
				CLANG_CXX_LANGUAGE_STANDARD = "gnu++14";
				CLANG_CXX_LIBRARY = "libc++";
				CLANG_ENABLE_MODULES = YES;
				CLANG_ENABLE_OBJC_ARC = YES;
				CLANG_ENABLE_OBJC_WEAK = YES;
				CLANG_WARN_BLOCK_CAPTURE_AUTORELEASING = YES;
				CLANG_WARN_BOOL_CONVERSION = YES;
				CLANG_WARN_COMMA = YES;
				CLANG_WARN_CONSTANT_CONVERSION = YES;
				CLANG_WARN_DEPRECATED_OBJC_IMPLEMENTATIONS = YES;
				CLANG_WARN_DIRECT_OBJC_ISA_USAGE = YES_ERROR;
				CLANG_WARN_DOCUMENTATION_COMMENTS = YES;
				CLANG_WARN_EMPTY_BODY = YES;
				CLANG_WARN_ENUM_CONVERSION = YES;
				CLANG_WARN_INFINITE_RECURSION = YES;
				CLANG_WARN_INT_CONVERSION = YES;
				CLANG_WARN_NON_LITERAL_NULL_CONVERSION = YES;
				CLANG_WARN_OBJC_IMPLICIT_RETAIN_SELF = YES;
				CLANG_WARN_OBJC_LITERAL_CONVERSION = YES;
				CLANG_WARN_OBJC_ROOT_CLASS = YES_ERROR;
				CLANG_WARN_RANGE_LOOP_ANALYSIS = YES;
				CLANG_WARN_STRICT_PROTOTYPES = YES;
				CLANG_WARN_SUSPICIOUS_MOVE = YES;
				CLANG_WARN_UNGUARDED_AVAILABILITY = YES_AGGRESSIVE;
				CLANG_WARN_UNREACHABLE_CODE = YES;
				CLANG_WARN__DUPLICATE_METHOD_MATCH = YES;
				CODE_SIGN_IDENTITY = "iPhone Developer";
				COPY_PHASE_STRIP = NO;
				DEBUG_INFORMATION_FORMAT = dwarf;
				ENABLE_STRICT_OBJC_MSGSEND = YES;
				ENABLE_TESTABILITY = YES;
				GCC_C_LANGUAGE_STANDARD = gnu11;
				GCC_DYNAMIC_NO_PIC = NO;
				GCC_NO_COMMON_BLOCKS = YES;
				GCC_OPTIMIZATION_LEVEL = 0;
				GCC_PREPROCESSOR_DEFINITIONS = (
					"DEBUG=1",
					"$(inherited)",
				);
				GCC_WARN_64_TO_32_BIT_CONVERSION = YES;
				GCC_WARN_ABOUT_RETURN_TYPE = YES_ERROR;
				GCC_WARN_UNDECLARED_SELECTOR = YES;
				GCC_WARN_UNINITIALIZED_AUTOS = YES_AGGRESSIVE;
				GCC_WARN_UNUSED_FUNCTION = YES;
				GCC_WARN_UNUSED_VARIABLE = YES;
				IPHONEOS_DEPLOYMENT_TARGET = 12.2;
				MTL_ENABLE_DEBUG_INFO = INCLUDE_SOURCE;
				MTL_FAST_MATH = YES;
				ONLY_ACTIVE_ARCH = YES;
				SDKROOT = iphoneos;
				SWIFT_ACTIVE_COMPILATION_CONDITIONS = DEBUG;
				SWIFT_OPTIMIZATION_LEVEL = "-Onone";
			};
			name = Debug;
		};
		525EAB662260A016005CD544 /* Release */ = {
			isa = XCBuildConfiguration;
			buildSettings = {
				ALWAYS_SEARCH_USER_PATHS = NO;
				CLANG_ANALYZER_NONNULL = YES;
				CLANG_ANALYZER_NUMBER_OBJECT_CONVERSION = YES_AGGRESSIVE;
				CLANG_CXX_LANGUAGE_STANDARD = "gnu++14";
				CLANG_CXX_LIBRARY = "libc++";
				CLANG_ENABLE_MODULES = YES;
				CLANG_ENABLE_OBJC_ARC = YES;
				CLANG_ENABLE_OBJC_WEAK = YES;
				CLANG_WARN_BLOCK_CAPTURE_AUTORELEASING = YES;
				CLANG_WARN_BOOL_CONVERSION = YES;
				CLANG_WARN_COMMA = YES;
				CLANG_WARN_CONSTANT_CONVERSION = YES;
				CLANG_WARN_DEPRECATED_OBJC_IMPLEMENTATIONS = YES;
				CLANG_WARN_DIRECT_OBJC_ISA_USAGE = YES_ERROR;
				CLANG_WARN_DOCUMENTATION_COMMENTS = YES;
				CLANG_WARN_EMPTY_BODY = YES;
				CLANG_WARN_ENUM_CONVERSION = YES;
				CLANG_WARN_INFINITE_RECURSION = YES;
				CLANG_WARN_INT_CONVERSION = YES;
				CLANG_WARN_NON_LITERAL_NULL_CONVERSION = YES;
				CLANG_WARN_OBJC_IMPLICIT_RETAIN_SELF = YES;
				CLANG_WARN_OBJC_LITERAL_CONVERSION = YES;
				CLANG_WARN_OBJC_ROOT_CLASS = YES_ERROR;
				CLANG_WARN_RANGE_LOOP_ANALYSIS = YES;
				CLANG_WARN_STRICT_PROTOTYPES = YES;
				CLANG_WARN_SUSPICIOUS_MOVE = YES;
				CLANG_WARN_UNGUARDED_AVAILABILITY = YES_AGGRESSIVE;
				CLANG_WARN_UNREACHABLE_CODE = YES;
				CLANG_WARN__DUPLICATE_METHOD_MATCH = YES;
				CODE_SIGN_IDENTITY = "iPhone Developer";
				COPY_PHASE_STRIP = NO;
				DEBUG_INFORMATION_FORMAT = "dwarf-with-dsym";
				ENABLE_NS_ASSERTIONS = NO;
				ENABLE_STRICT_OBJC_MSGSEND = YES;
				GCC_C_LANGUAGE_STANDARD = gnu11;
				GCC_NO_COMMON_BLOCKS = YES;
				GCC_WARN_64_TO_32_BIT_CONVERSION = YES;
				GCC_WARN_ABOUT_RETURN_TYPE = YES_ERROR;
				GCC_WARN_UNDECLARED_SELECTOR = YES;
				GCC_WARN_UNINITIALIZED_AUTOS = YES_AGGRESSIVE;
				GCC_WARN_UNUSED_FUNCTION = YES;
				GCC_WARN_UNUSED_VARIABLE = YES;
				IPHONEOS_DEPLOYMENT_TARGET = 12.2;
				MTL_ENABLE_DEBUG_INFO = NO;
				MTL_FAST_MATH = YES;
				SDKROOT = iphoneos;
				SWIFT_COMPILATION_MODE = wholemodule;
				SWIFT_OPTIMIZATION_LEVEL = "-O";
				VALIDATE_PRODUCT = YES;
			};
			name = Release;
		};
		525EAB682260A016005CD544 /* Debug */ = {
			isa = XCBuildConfiguration;
			baseConfigurationReference = 9BEE9B4B7E38ACB497FB4C52 /* Pods-ParseHtmlExample.debug.xcconfig */;
			buildSettings = {
				ASSETCATALOG_COMPILER_APPICON_NAME = AppIcon;
				CODE_SIGN_STYLE = Automatic;
				DEVELOPMENT_TEAM = 3PTYV272Z4;
				INFOPLIST_FILE = ParseHtmlExample/Info.plist;
				LD_RUNPATH_SEARCH_PATHS = (
					"$(inherited)",
					"@executable_path/Frameworks",
				);
				PRODUCT_BUNDLE_IDENTIFIER = ua.kr.ssh.ParseHtmlExample;
				PRODUCT_NAME = "$(TARGET_NAME)";
				SWIFT_VERSION = 5.0;
				TARGETED_DEVICE_FAMILY = "1,2";
			};
			name = Debug;
		};
		525EAB692260A016005CD544 /* Release */ = {
			isa = XCBuildConfiguration;
			baseConfigurationReference = C277426C45B491C5DC907091 /* Pods-ParseHtmlExample.release.xcconfig */;
			buildSettings = {
				ASSETCATALOG_COMPILER_APPICON_NAME = AppIcon;
				CODE_SIGN_STYLE = Automatic;
				DEVELOPMENT_TEAM = 3PTYV272Z4;
				INFOPLIST_FILE = ParseHtmlExample/Info.plist;
				LD_RUNPATH_SEARCH_PATHS = (
					"$(inherited)",
					"@executable_path/Frameworks",
				);
				PRODUCT_BUNDLE_IDENTIFIER = ua.kr.ssh.ParseHtmlExample;
				PRODUCT_NAME = "$(TARGET_NAME)";
				SWIFT_VERSION = 5.0;
				TARGETED_DEVICE_FAMILY = "1,2";
			};
			name = Release;
		};
/* End XCBuildConfiguration section */

/* Begin XCConfigurationList section */
		525EAB502260A015005CD544 /* Build configuration list for PBXProject "ParseHtmlExample" */ = {
			isa = XCConfigurationList;
			buildConfigurations = (
				525EAB652260A016005CD544 /* Debug */,
				525EAB662260A016005CD544 /* Release */,
			);
			defaultConfigurationIsVisible = 0;
			defaultConfigurationName = Release;
		};
		525EAB672260A016005CD544 /* Build configuration list for PBXNativeTarget "ParseHtmlExample" */ = {
			isa = XCConfigurationList;
			buildConfigurations = (
				525EAB682260A016005CD544 /* Debug */,
				525EAB692260A016005CD544 /* Release */,
			);
			defaultConfigurationIsVisible = 0;
			defaultConfigurationName = Release;
		};
/* End XCConfigurationList section */
	};
	rootObject = 525EAB4D2260A015005CD544 /* Project object */;
}
